// !$*UTF8*$!
{
	archiveVersion = 1;
	classes = {
	};
	objectVersion = 55;
	objects = {

/* Begin PBXBuildFile section */
		3D1D9EEC28299E330067EDA2 /* AppDelegate.swift in Sources */ = {isa = PBXBuildFile; fileRef = 3D1D9EEB28299E330067EDA2 /* AppDelegate.swift */; };
		3D1D9EEE28299E330067EDA2 /* SceneDelegate.swift in Sources */ = {isa = PBXBuildFile; fileRef = 3D1D9EED28299E330067EDA2 /* SceneDelegate.swift */; };
		3D1D9EF028299E330067EDA2 /* ViewController.swift in Sources */ = {isa = PBXBuildFile; fileRef = 3D1D9EEF28299E330067EDA2 /* ViewController.swift */; };
		3D1D9EF328299E330067EDA2 /* Main.storyboard in Resources */ = {isa = PBXBuildFile; fileRef = 3D1D9EF128299E330067EDA2 /* Main.storyboard */; };
		3D1D9EF628299E330067EDA2 /* Swiftbook_My_places.xcdatamodeld in Sources */ = {isa = PBXBuildFile; fileRef = 3D1D9EF428299E330067EDA2 /* Swiftbook_My_places.xcdatamodeld */; };
		3D1D9EF828299E340067EDA2 /* Assets.xcassets in Resources */ = {isa = PBXBuildFile; fileRef = 3D1D9EF728299E340067EDA2 /* Assets.xcassets */; };
		3D1D9EFB28299E340067EDA2 /* LaunchScreen.storyboard in Resources */ = {isa = PBXBuildFile; fileRef = 3D1D9EF928299E340067EDA2 /* LaunchScreen.storyboard */; };
/* End PBXBuildFile section */

/* Begin PBXFileReference section */
		3D1D9EE828299E330067EDA2 /* Swiftbook My places.app */ = {isa = PBXFileReference; explicitFileType = wrapper.application; includeInIndex = 0; path = "Swiftbook My places.app"; sourceTree = BUILT_PRODUCTS_DIR; };
		3D1D9EEB28299E330067EDA2 /* AppDelegate.swift */ = {isa = PBXFileReference; lastKnownFileType = sourcecode.swift; path = AppDelegate.swift; sourceTree = "<group>"; };
		3D1D9EED28299E330067EDA2 /* SceneDelegate.swift */ = {isa = PBXFileReference; lastKnownFileType = sourcecode.swift; path = SceneDelegate.swift; sourceTree = "<group>"; };
		3D1D9EEF28299E330067EDA2 /* ViewController.swift */ = {isa = PBXFileReference; lastKnownFileType = sourcecode.swift; path = ViewController.swift; sourceTree = "<group>"; };
		3D1D9EF228299E330067EDA2 /* Base */ = {isa = PBXFileReference; lastKnownFileType = file.storyboard; name = Base; path = Base.lproj/Main.storyboard; sourceTree = "<group>"; };
		3D1D9EF528299E330067EDA2 /* Swiftbook_My_places.xcdatamodel */ = {isa = PBXFileReference; lastKnownFileType = wrapper.xcdatamodel; path = Swiftbook_My_places.xcdatamodel; sourceTree = "<group>"; };
		3D1D9EF728299E340067EDA2 /* Assets.xcassets */ = {isa = PBXFileReference; lastKnownFileType = folder.assetcatalog; path = Assets.xcassets; sourceTree = "<group>"; };
		3D1D9EFA28299E340067EDA2 /* Base */ = {isa = PBXFileReference; lastKnownFileType = file.storyboard; name = Base; path = Base.lproj/LaunchScreen.storyboard; sourceTree = "<group>"; };
		3D1D9EFC28299E340067EDA2 /* Info.plist */ = {isa = PBXFileReference; lastKnownFileType = text.plist.xml; path = Info.plist; sourceTree = "<group>"; };
/* End PBXFileReference section */

/* Begin PBXFrameworksBuildPhase section */
		3D1D9EE528299E330067EDA2 /* Frameworks */ = {
			isa = PBXFrameworksBuildPhase;
			buildActionMask = 2147483647;
			files = (
			);
			runOnlyForDeploymentPostprocessing = 0;
		};
/* End PBXFrameworksBuildPhase section */

/* Begin PBXGroup section */
		3D1D9EDF28299E330067EDA2 = {
			isa = PBXGroup;
			children = (
				3D1D9EEA28299E330067EDA2 /* Swiftbook My places */,
				3D1D9EE928299E330067EDA2 /* Products */,
			);
			sourceTree = "<group>";
		};
		3D1D9EE928299E330067EDA2 /* Products */ = {
			isa = PBXGroup;
			children = (
				3D1D9EE828299E330067EDA2 /* Swiftbook My places.app */,
			);
			name = Products;
			sourceTree = "<group>";
		};
		3D1D9EEA28299E330067EDA2 /* Swiftbook My places */ = {
			isa = PBXGroup;
			children = (
				3D1D9EEB28299E330067EDA2 /* AppDelegate.swift */,
				3D1D9EED28299E330067EDA2 /* SceneDelegate.swift */,
				3D1D9EEF28299E330067EDA2 /* ViewController.swift */,
				3D1D9EF128299E330067EDA2 /* Main.storyboard */,
				3D1D9EF728299E340067EDA2 /* Assets.xcassets */,
				3D1D9EF928299E340067EDA2 /* LaunchScreen.storyboard */,
				3D1D9EFC28299E340067EDA2 /* Info.plist */,
				3D1D9EF428299E330067EDA2 /* Swiftbook_My_places.xcdatamodeld */,
			);
			path = "Swiftbook My places";
			sourceTree = "<group>";
		};
/* End PBXGroup section */

/* Begin PBXNativeTarget section */
		3D1D9EE728299E330067EDA2 /* Swiftbook My places */ = {
			isa = PBXNativeTarget;
			buildConfigurationList = 3D1D9EFF28299E340067EDA2 /* Build configuration list for PBXNativeTarget "Swiftbook My places" */;
			buildPhases = (
				3D1D9EE428299E330067EDA2 /* Sources */,
				3D1D9EE528299E330067EDA2 /* Frameworks */,
				3D1D9EE628299E330067EDA2 /* Resources */,
			);
			buildRules = (
			);
			dependencies = (
			);
			name = "Swiftbook My places";
			productName = "Swiftbook My places";
			productReference = 3D1D9EE828299E330067EDA2 /* Swiftbook My places.app */;
			productType = "com.apple.product-type.application";
		};
/* End PBXNativeTarget section */

/* Begin PBXProject section */
		3D1D9EE028299E330067EDA2 /* Project object */ = {
			isa = PBXProject;
			attributes = {
				BuildIndependentTargetsInParallel = 1;
				LastSwiftUpdateCheck = 1330;
				LastUpgradeCheck = 1330;
				TargetAttributes = {
					3D1D9EE728299E330067EDA2 = {
						CreatedOnToolsVersion = 13.3.1;
					};
				};
			};
			buildConfigurationList = 3D1D9EE328299E330067EDA2 /* Build configuration list for PBXProject "Swiftbook My places" */;
			compatibilityVersion = "Xcode 13.0";
			developmentRegion = en;
			hasScannedForEncodings = 0;
			knownRegions = (
				en,
				Base,
			);
			mainGroup = 3D1D9EDF28299E330067EDA2;
			productRefGroup = 3D1D9EE928299E330067EDA2 /* Products */;
			projectDirPath = "";
			projectRoot = "";
			targets = (
				3D1D9EE728299E330067EDA2 /* Swiftbook My places */,
			);
		};
/* End PBXProject section */

/* Begin PBXResourcesBuildPhase section */
		3D1D9EE628299E330067EDA2 /* Resources */ = {
			isa = PBXResourcesBuildPhase;
			buildActionMask = 2147483647;
			files = (
				3D1D9EFB28299E340067EDA2 /* LaunchScreen.storyboard in Resources */,
				3D1D9EF828299E340067EDA2 /* Assets.xcassets in Resources */,
				3D1D9EF328299E330067EDA2 /* Main.storyboard in Resources */,
			);
			runOnlyForDeploymentPostprocessing = 0;
		};
/* End PBXResourcesBuildPhase section */

/* Begin PBXSourcesBuildPhase section */
		3D1D9EE428299E330067EDA2 /* Sources */ = {
			isa = PBXSourcesBuildPhase;
			buildActionMask = 2147483647;
			files = (
				3D1D9EF628299E330067EDA2 /* Swiftbook_My_places.xcdatamodeld in Sources */,
				3D1D9EF028299E330067EDA2 /* ViewController.swift in Sources */,
				3D1D9EEC28299E330067EDA2 /* AppDelegate.swift in Sources */,
				3D1D9EEE28299E330067EDA2 /* SceneDelegate.swift in Sources */,
			);
			runOnlyForDeploymentPostprocessing = 0;
		};
/* End PBXSourcesBuildPhase section */

/* Begin PBXVariantGroup section */
		3D1D9EF128299E330067EDA2 /* Main.storyboard */ = {
			isa = PBXVariantGroup;
			children = (
				3D1D9EF228299E330067EDA2 /* Base */,
			);
			name = Main.storyboard;
			sourceTree = "<group>";
		};
		3D1D9EF928299E340067EDA2 /* LaunchScreen.storyboard */ = {
			isa = PBXVariantGroup;
			children = (
				3D1D9EFA28299E340067EDA2 /* Base */,
			);
			name = LaunchScreen.storyboard;
			sourceTree = "<group>";
		};
/* End PBXVariantGroup section */

/* Begin XCBuildConfiguration section */
		3D1D9EFD28299E340067EDA2 /* Debug */ = {
			isa = XCBuildConfiguration;
			buildSettings = {
				ALWAYS_SEARCH_USER_PATHS = NO;
				CLANG_ANALYZER_NONNULL = YES;
				CLANG_ANALYZER_NUMBER_OBJECT_CONVERSION = YES_AGGRESSIVE;
				CLANG_CXX_LANGUAGE_STANDARD = "gnu++17";
				CLANG_ENABLE_MODULES = YES;
				CLANG_ENABLE_OBJC_ARC = YES;
				CLANG_ENABLE_OBJC_WEAK = YES;
				CLANG_WARN_BLOCK_CAPTURE_AUTORELEASING = YES;
				CLANG_WARN_BOOL_CONVERSION = YES;
				CLANG_WARN_COMMA = YES;
				CLANG_WARN_CONSTANT_CONVERSION = YES;
				CLANG_WARN_DEPRECATED_OBJC_IMPLEMENTATIONS = YES;
				CLANG_WARN_DIRECT_OBJC_ISA_USAGE = YES_ERROR;
				CLANG_WARN_DOCUMENTATION_COMMENTS = YES;
				CLANG_WARN_EMPTY_BODY = YES;
				CLANG_WARN_ENUM_CONVERSION = YES;
				CLANG_WARN_INFINITE_RECURSION = YES;
				CLANG_WARN_INT_CONVERSION = YES;
				CLANG_WARN_NON_LITERAL_NULL_CONVERSION = YES;
				CLANG_WARN_OBJC_IMPLICIT_RETAIN_SELF = YES;
				CLANG_WARN_OBJC_LITERAL_CONVERSION = YES;
				CLANG_WARN_OBJC_ROOT_CLASS = YES_ERROR;
				CLANG_WARN_QUOTED_INCLUDE_IN_FRAMEWORK_HEADER = YES;
				CLANG_WARN_RANGE_LOOP_ANALYSIS = YES;
				CLANG_WARN_STRICT_PROTOTYPES = YES;
				CLANG_WARN_SUSPICIOUS_MOVE = YES;
				CLANG_WARN_UNGUARDED_AVAILABILITY = YES_AGGRESSIVE;
				CLANG_WARN_UNREACHABLE_CODE = YES;
				CLANG_WARN__DUPLICATE_METHOD_MATCH = YES;
				COPY_PHASE_STRIP = NO;
				DEBUG_INFORMATION_FORMAT = dwarf;
				ENABLE_STRICT_OBJC_MSGSEND = YES;
				ENABLE_TESTABILITY = YES;
				GCC_C_LANGUAGE_STANDARD = gnu11;
				GCC_DYNAMIC_NO_PIC = NO;
				GCC_NO_COMMON_BLOCKS = YES;
				GCC_OPTIMIZATION_LEVEL = 0;
				GCC_PREPROCESSOR_DEFINITIONS = (
					"DEBUG=1",
					"$(inherited)",
				);
				GCC_WARN_64_TO_32_BIT_CONVERSION = YES;
				GCC_WARN_ABOUT_RETURN_TYPE = YES_ERROR;
				GCC_WARN_UNDECLARED_SELECTOR = YES;
				GCC_WARN_UNINITIALIZED_AUTOS = YES_AGGRESSIVE;
				GCC_WARN_UNUSED_FUNCTION = YES;
				GCC_WARN_UNUSED_VARIABLE = YES;
				IPHONEOS_DEPLOYMENT_TARGET = 15.4;
				MTL_ENABLE_DEBUG_INFO = INCLUDE_SOURCE;
				MTL_FAST_MATH = YES;
				ONLY_ACTIVE_ARCH = YES;
				SDKROOT = iphoneos;
				SWIFT_ACTIVE_COMPILATION_CONDITIONS = DEBUG;
				SWIFT_OPTIMIZATION_LEVEL = "-Onone";
			};
			name = Debug;
		};
		3D1D9EFE28299E340067EDA2 /* Release */ = {
			isa = XCBuildConfiguration;
			buildSettings = {
				ALWAYS_SEARCH_USER_PATHS = NO;
				CLANG_ANALYZER_NONNULL = YES;
				CLANG_ANALYZER_NUMBER_OBJECT_CONVERSION = YES_AGGRESSIVE;
				CLANG_CXX_LANGUAGE_STANDARD = "gnu++17";
				CLANG_ENABLE_MODULES = YES;
				CLANG_ENABLE_OBJC_ARC = YES;
				CLANG_ENABLE_OBJC_WEAK = YES;
				CLANG_WARN_BLOCK_CAPTURE_AUTORELEASING = YES;
				CLANG_WARN_BOOL_CONVERSION = YES;
				CLANG_WARN_COMMA = YES;
				CLANG_WARN_CONSTANT_CONVERSION = YES;
				CLANG_WARN_DEPRECATED_OBJC_IMPLEMENTATIONS = YES;
				CLANG_WARN_DIRECT_OBJC_ISA_USAGE = YES_ERROR;
				CLANG_WARN_DOCUMENTATION_COMMENTS = YES;
				CLANG_WARN_EMPTY_BODY = YES;
				CLANG_WARN_ENUM_CONVERSION = YES;
				CLANG_WARN_INFINITE_RECURSION = YES;
				CLANG_WARN_INT_CONVERSION = YES;
				CLANG_WARN_NON_LITERAL_NULL_CONVERSION = YES;
				CLANG_WARN_OBJC_IMPLICIT_RETAIN_SELF = YES;
				CLANG_WARN_OBJC_LITERAL_CONVERSION = YES;
				CLANG_WARN_OBJC_ROOT_CLASS = YES_ERROR;
				CLANG_WARN_QUOTED_INCLUDE_IN_FRAMEWORK_HEADER = YES;
				CLANG_WARN_RANGE_LOOP_ANALYSIS = YES;
				CLANG_WARN_STRICT_PROTOTYPES = YES;
				CLANG_WARN_SUSPICIOUS_MOVE = YES;
				CLANG_WARN_UNGUARDED_AVAILABILITY = YES_AGGRESSIVE;
				CLANG_WARN_UNREACHABLE_CODE = YES;
				CLANG_WARN__DUPLICATE_METHOD_MATCH = YES;
				COPY_PHASE_STRIP = NO;
				DEBUG_INFORMATION_FORMAT = "dwarf-with-dsym";
				ENABLE_NS_ASSERTIONS = NO;
				ENABLE_STRICT_OBJC_MSGSEND = YES;
				GCC_C_LANGUAGE_STANDARD = gnu11;
				GCC_NO_COMMON_BLOCKS = YES;
				GCC_WARN_64_TO_32_BIT_CONVERSION = YES;
				GCC_WARN_ABOUT_RETURN_TYPE = YES_ERROR;
				GCC_WARN_UNDECLARED_SELECTOR = YES;
				GCC_WARN_UNINITIALIZED_AUTOS = YES_AGGRESSIVE;
				GCC_WARN_UNUSED_FUNCTION = YES;
				GCC_WARN_UNUSED_VARIABLE = YES;
				IPHONEOS_DEPLOYMENT_TARGET = 15.4;
				MTL_ENABLE_DEBUG_INFO = NO;
				MTL_FAST_MATH = YES;
				SDKROOT = iphoneos;
				SWIFT_COMPILATION_MODE = wholemodule;
				SWIFT_OPTIMIZATION_LEVEL = "-O";
				VALIDATE_PRODUCT = YES;
			};
			name = Release;
		};
		3D1D9F0028299E340067EDA2 /* Debug */ = {
			isa = XCBuildConfiguration;
			buildSettings = {
				ASSETCATALOG_COMPILER_APPICON_NAME = AppIcon;
				ASSETCATALOG_COMPILER_GLOBAL_ACCENT_COLOR_NAME = AccentColor;
				CODE_SIGN_STYLE = Automatic;
				CURRENT_PROJECT_VERSION = 1;
				DEVELOPMENT_TEAM = 6ALH8GYZGA;
				GENERATE_INFOPLIST_FILE = YES;
				INFOPLIST_FILE = "Swiftbook My places/Info.plist";
				INFOPLIST_KEY_UIApplicationSupportsIndirectInputEvents = YES;
				INFOPLIST_KEY_UILaunchStoryboardName = LaunchScreen;
				INFOPLIST_KEY_UIMainStoryboardFile = Main;
				INFOPLIST_KEY_UISupportedInterfaceOrientations_iPad = "UIInterfaceOrientationPortrait UIInterfaceOrientationPortraitUpsideDown UIInterfaceOrientationLandscapeLeft UIInterfaceOrientationLandscapeRight";
				INFOPLIST_KEY_UISupportedInterfaceOrientations_iPhone = "UIInterfaceOrientationPortrait UIInterfaceOrientationLandscapeLeft UIInterfaceOrientationLandscapeRight";
				LD_RUNPATH_SEARCH_PATHS = (
					"$(inherited)",
					"@executable_path/Frameworks",
				);
				MARKETING_VERSION = 1.0;
				PRODUCT_BUNDLE_IDENTIFIER = "com.dpzybalov.Swiftbook-My-places";
				PRODUCT_NAME = "$(TARGET_NAME)";
				SWIFT_EMIT_LOC_STRINGS = YES;
				SWIFT_VERSION = 5.0;
				TARGETED_DEVICE_FAMILY = "1,2";
			};
			name = Debug;
		};
		3D1D9F0128299E340067EDA2 /* Release */ = {
			isa = XCBuildConfiguration;
			buildSettings = {
				ASSETCATALOG_COMPILER_APPICON_NAME = AppIcon;
				ASSETCATALOG_COMPILER_GLOBAL_ACCENT_COLOR_NAME = AccentColor;
				CODE_SIGN_STYLE = Automatic;
				CURRENT_PROJECT_VERSION = 1;
				DEVELOPMENT_TEAM = 6ALH8GYZGA;
				GENERATE_INFOPLIST_FILE = YES;
				INFOPLIST_FILE = "Swiftbook My places/Info.plist";
				INFOPLIST_KEY_UIApplicationSupportsIndirectInputEvents = YES;
				INFOPLIST_KEY_UILaunchStoryboardName = LaunchScreen;
				INFOPLIST_KEY_UIMainStoryboardFile = Main;
				INFOPLIST_KEY_UISupportedInterfaceOrientations_iPad = "UIInterfaceOrientationPortrait UIInterfaceOrientationPortraitUpsideDown UIInterfaceOrientationLandscapeLeft UIInterfaceOrientationLandscapeRight";
				INFOPLIST_KEY_UISupportedInterfaceOrientations_iPhone = "UIInterfaceOrientationPortrait UIInterfaceOrientationLandscapeLeft UIInterfaceOrientationLandscapeRight";
				LD_RUNPATH_SEARCH_PATHS = (
					"$(inherited)",
					"@executable_path/Frameworks",
				);
				MARKETING_VERSION = 1.0;
				PRODUCT_BUNDLE_IDENTIFIER = "com.dpzybalov.Swiftbook-My-places";
				PRODUCT_NAME = "$(TARGET_NAME)";
				SWIFT_EMIT_LOC_STRINGS = YES;
				SWIFT_VERSION = 5.0;
				TARGETED_DEVICE_FAMILY = "1,2";
			};
			name = Release;
		};
/* End XCBuildConfiguration section */

/* Begin XCConfigurationList section */
		3D1D9EE328299E330067EDA2 /* Build configuration list for PBXProject "Swiftbook My places" */ = {
			isa = XCConfigurationList;
			buildConfigurations = (
				3D1D9EFD28299E340067EDA2 /* Debug */,
				3D1D9EFE28299E340067EDA2 /* Release */,
			);
			defaultConfigurationIsVisible = 0;
			defaultConfigurationName = Release;
		};
		3D1D9EFF28299E340067EDA2 /* Build configuration list for PBXNativeTarget "Swiftbook My places" */ = {
			isa = XCConfigurationList;
			buildConfigurations = (
				3D1D9F0028299E340067EDA2 /* Debug */,
				3D1D9F0128299E340067EDA2 /* Release */,
			);
			defaultConfigurationIsVisible = 0;
			defaultConfigurationName = Release;
		};
/* End XCConfigurationList section */

/* Begin XCVersionGroup section */
		3D1D9EF428299E330067EDA2 /* Swiftbook_My_places.xcdatamodeld */ = {
			isa = XCVersionGroup;
			children = (
				3D1D9EF528299E330067EDA2 /* Swiftbook_My_places.xcdatamodel */,
			);
			currentVersion = 3D1D9EF528299E330067EDA2 /* Swiftbook_My_places.xcdatamodel */;
			path = Swiftbook_My_places.xcdatamodeld;
			sourceTree = "<group>";
			versionGroupType = wrapper.xcdatamodel;
		};
/* End XCVersionGroup section */
	};
	rootObject = 3D1D9EE028299E330067EDA2 /* Project object */;
}
